
Microsoft Visual Studio Solution File, Format Version 12.00
Project("{FAE04EC0-301F-11D3-BF4B-00C04F79EFBC}") = "NipedTestApp", "NipedTestApp\NipedTestApp.csproj", "{BEF10711-F769-4330-B8CE-8C9B836AAFA6}"
EndProject
Project("{FAE04EC0-301F-11D3-BF4B-00C04F79EFBC}") = "Data", "Data\Data.csproj", "{22295CE5-0C31-4309-AFBE-2B5847EE3ABB}"
EndProject
Project("{FAE04EC0-301F-11D3-BF4B-00C04F79EFBC}") = "Shared", "Shared\Shared.csproj", "{4BF0FCFF-750E-466F-A846-FB56814982C0}"
EndProject
Global
	GlobalSection(SolutionConfigurationPlatforms) = preSolution
		Debug|Any CPU = Debug|Any CPU
		Release|Any CPU = Release|Any CPU
	EndGlobalSection
	GlobalSection(ProjectConfigurationPlatforms) = postSolution
		{BEF10711-F769-4330-B8CE-8C9B836AAFA6}.Debug|Any CPU.ActiveCfg = Debug|Any CPU
		{BEF10711-F769-4330-B8CE-8C9B836AAFA6}.Debug|Any CPU.Build.0 = Debug|Any CPU
		{BEF10711-F769-4330-B8CE-8C9B836AAFA6}.Release|Any CPU.ActiveCfg = Release|Any CPU
		{BEF10711-F769-4330-B8CE-8C9B836AAFA6}.Release|Any CPU.Build.0 = Release|Any CPU
		{22295CE5-0C31-4309-AFBE-2B5847EE3ABB}.Debug|Any CPU.ActiveCfg = Debug|Any CPU
		{22295CE5-0C31-4309-AFBE-2B5847EE3ABB}.Debug|Any CPU.Build.0 = Debug|Any CPU
		{22295CE5-0C31-4309-AFBE-2B5847EE3ABB}.Release|Any CPU.ActiveCfg = Release|Any CPU
		{22295CE5-0C31-4309-AFBE-2B5847EE3ABB}.Release|Any CPU.Build.0 = Release|Any CPU
		{4BF0FCFF-750E-466F-A846-FB56814982C0}.Debug|Any CPU.ActiveCfg = Debug|Any CPU
		{4BF0FCFF-750E-466F-A846-FB56814982C0}.Debug|Any CPU.Build.0 = Debug|Any CPU
		{4BF0FCFF-750E-466F-A846-FB56814982C0}.Release|Any CPU.ActiveCfg = Release|Any CPU
		{4BF0FCFF-750E-466F-A846-FB56814982C0}.Release|Any CPU.Build.0 = Release|Any CPU
	EndGlobalSection
EndGlobal
